
Microsoft Visual Studio Solution File, Format Version 12.00
# Visual Studio 2013
VisualStudioVersion = 12.0.30501.0
MinimumVisualStudioVersion = 10.0.40219.1
Project("{FAE04EC0-301F-11D3-BF4B-00C04F79EFBC}") = "Secured-WCF-REST", "Secured-WCF-REST\Secured-WCF-REST.csproj", "{9EA8AF87-F761-4161-A54A-36FB3F88D6C5}"
EndProject
Project("{FAE04EC0-301F-11D3-BF4B-00C04F79EFBC}") = "Dictionary-Service", "Dictionary-Service\Dictionary-Service.csproj", "{CECC0B31-B7BD-4666-BF9D-EA0305E9F0E3}"
EndProject
Global
	GlobalSection(SolutionConfigurationPlatforms) = preSolution
		Debug|Any CPU = Debug|Any CPU
		Release|Any CPU = Release|Any CPU
	EndGlobalSection
	GlobalSection(ProjectConfigurationPlatforms) = postSolution
		{9EA8AF87-F761-4161-A54A-36FB3F88D6C5}.Debug|Any CPU.ActiveCfg = Debug|Any CPU
		{9EA8AF87-F761-4161-A54A-36FB3F88D6C5}.Debug|Any CPU.Build.0 = Debug|Any CPU
		{9EA8AF87-F761-4161-A54A-36FB3F88D6C5}.Release|Any CPU.ActiveCfg = Release|Any CPU
		{9EA8AF87-F761-4161-A54A-36FB3F88D6C5}.Release|Any CPU.Build.0 = Release|Any CPU
		{CECC0B31-B7BD-4666-BF9D-EA0305E9F0E3}.Debug|Any CPU.ActiveCfg = Debug|Any CPU
		{CECC0B31-B7BD-4666-BF9D-EA0305E9F0E3}.Debug|Any CPU.Build.0 = Debug|Any CPU
		{CECC0B31-B7BD-4666-BF9D-EA0305E9F0E3}.Release|Any CPU.ActiveCfg = Release|Any CPU
		{CECC0B31-B7BD-4666-BF9D-EA0305E9F0E3}.Release|Any CPU.Build.0 = Release|Any CPU
	EndGlobalSection
	GlobalSection(SolutionProperties) = preSolution
		HideSolutionNode = FALSE
	EndGlobalSection
EndGlobal
